# artifact<TAB>filename<TAB>url<TAB>sha256<TAB>size_bytes<TAB>last_modified_utc<TAB>retrieved_utc
phoebus	phoebus-linux.zip	https://controlssoftware.sns.ornl.gov/css_phoebus/nightly/phoebus-linux.zip	56c6eb33f38e6ac649fa1023bf8f51ab32eaf5b4dcee24b19150f15dc91f8a7e	345753255	2026-07-20T17:40:55Z	2026-08-04T09:07:42Z
jdk	OpenJDK25U-jdk_x64_linux_hotspot_25.0.3_9.tar.gz	https://controlssoftware.sns.ornl.gov/css_phoebus/nightly/OpenJDK25U-jdk_x64_linux_hotspot_25.0.3_9.tar.gz	69264a7a211bf5029830d07bc3370f879769d62ebc5b5488e90c9343a2da0e1f	141282180	2026-05-22T15:06:13Z	2026-08-04T09:07:42Z
